
Microsoft Visual Studio Solution File, Format Version 12.00
# Visual Studio 15
Project("{FAE04EC0-301F-11D3-BF4B-00C04F79EFBC}") = "InsertionSort", "InsertionSort.csproj", "{EACDA9BE-61CA-4E16-BC17-2495526733AE}"
EndProject
Project("{FAE04EC0-301F-11D3-BF4B-00C04F79EFBC}") = "InsertSortTest1", "InsertSortTest1\InsertSortTest1.csproj", "{6F28238B-1086-41FC-A414-4B40C2E6C32B}"
EndProject
Global
	GlobalSection(SolutionConfigurationPlatforms) = preSolution
		Debug|Any CPU = Debug|Any CPU
		Release|Any CPU = Release|Any CPU
	EndGlobalSection
	GlobalSection(ProjectConfigurationPlatforms) = postSolution
		{EACDA9BE-61CA-4E16-BC17-2495526733AE}.Debug|Any CPU.ActiveCfg = Debug|Any CPU
		{EACDA9BE-61CA-4E16-BC17-2495526733AE}.Debug|Any CPU.Build.0 = Debug|Any CPU
		{EACDA9BE-61CA-4E16-BC17-2495526733AE}.Release|Any CPU.ActiveCfg = Release|Any CPU
		{EACDA9BE-61CA-4E16-BC17-2495526733AE}.Release|Any CPU.Build.0 = Release|Any CPU
		{6F28238B-1086-41FC-A414-4B40C2E6C32B}.Debug|Any CPU.ActiveCfg = Debug|Any CPU
		{6F28238B-1086-41FC-A414-4B40C2E6C32B}.Debug|Any CPU.Build.0 = Debug|Any CPU
		{6F28238B-1086-41FC-A414-4B40C2E6C32B}.Release|Any CPU.ActiveCfg = Release|Any CPU
		{6F28238B-1086-41FC-A414-4B40C2E6C32B}.Release|Any CPU.Build.0 = Release|Any CPU
	EndGlobalSection
EndGlobal
